// !$*UTF8*$!
{
	archiveVersion = 1;
	classes = {
	};
	objectVersion = 46;
	objects = {

/* Begin PBXBuildFile section */
		C51F9E8E1F186CF1002A903B /* MemeTableViewCell.swift in Sources */ = {isa = PBXBuildFile; fileRef = C51F9E8D1F186CF1002A903B /* MemeTableViewCell.swift */; };
		C56C54931F132A8F0084E657 /* MemeTableViewController.swift in Sources */ = {isa = PBXBuildFile; fileRef = C56C54921F132A8F0084E657 /* MemeTableViewController.swift */; };
		C5A121971F0C6924006F15C3 /* AppDelegate.swift in Sources */ = {isa = PBXBuildFile; fileRef = C5A121961F0C6924006F15C3 /* AppDelegate.swift */; };
		C5A121991F0C6924006F15C3 /* CreateMemeViewController.swift in Sources */ = {isa = PBXBuildFile; fileRef = C5A121981F0C6924006F15C3 /* CreateMemeViewController.swift */; };
		C5A1219C1F0C6924006F15C3 /* Main.storyboard in Resources */ = {isa = PBXBuildFile; fileRef = C5A1219A1F0C6924006F15C3 /* Main.storyboard */; };
		C5A1219E1F0C6924006F15C3 /* Assets.xcassets in Resources */ = {isa = PBXBuildFile; fileRef = C5A1219D1F0C6924006F15C3 /* Assets.xcassets */; };
		C5A121A11F0C6924006F15C3 /* LaunchScreen.storyboard in Resources */ = {isa = PBXBuildFile; fileRef = C5A1219F1F0C6924006F15C3 /* LaunchScreen.storyboard */; };
		C5A121AC1F0C6925006F15C3 /* MemeMeTests.swift in Sources */ = {isa = PBXBuildFile; fileRef = C5A121AB1F0C6925006F15C3 /* MemeMeTests.swift */; };
		C5A121B71F0C6925006F15C3 /* MemeMeUITests.swift in Sources */ = {isa = PBXBuildFile; fileRef = C5A121B61F0C6925006F15C3 /* MemeMeUITests.swift */; };
		C5A121C51F0C8061006F15C3 /* MemeTextFieldDelegate.swift in Sources */ = {isa = PBXBuildFile; fileRef = C5A121C41F0C8061006F15C3 /* MemeTextFieldDelegate.swift */; };
		C5A121C71F0DC2DD006F15C3 /* Meme.swift in Sources */ = {isa = PBXBuildFile; fileRef = C5A121C61F0DC2DD006F15C3 /* Meme.swift */; };
		C5A7A1271F145E3300A78DFA /* MemeCollectionViewController.swift in Sources */ = {isa = PBXBuildFile; fileRef = C5A7A1261F145E3300A78DFA /* MemeCollectionViewController.swift */; };
		C5A7A1291F145FEB00A78DFA /* MemeCollectionViewCell.swift in Sources */ = {isa = PBXBuildFile; fileRef = C5A7A1281F145FEB00A78DFA /* MemeCollectionViewCell.swift */; };
/* End PBXBuildFile section */

/* Begin PBXContainerItemProxy section */
		C5A121A81F0C6925006F15C3 /* PBXContainerItemProxy */ = {
			isa = PBXContainerItemProxy;
			containerPortal = C5A1218B1F0C6924006F15C3 /* Project object */;
			proxyType = 1;
			remoteGlobalIDString = C5A121921F0C6924006F15C3;
			remoteInfo = MemeMe;
		};
		C5A121B31F0C6925006F15C3 /* PBXContainerItemProxy */ = {
			isa = PBXContainerItemProxy;
			containerPortal = C5A1218B1F0C6924006F15C3 /* Project object */;
			proxyType = 1;
			remoteGlobalIDString = C5A121921F0C6924006F15C3;
			remoteInfo = MemeMe;
		};
/* End PBXContainerItemProxy section */

/* Begin PBXFileReference section */
		C51F9E8D1F186CF1002A903B /* MemeTableViewCell.swift */ = {isa = PBXFileReference; fileEncoding = 4; lastKnownFileType = sourcecode.swift; path = MemeTableViewCell.swift; sourceTree = "<group>"; };
		C56C54921F132A8F0084E657 /* MemeTableViewController.swift */ = {isa = PBXFileReference; fileEncoding = 4; lastKnownFileType = sourcecode.swift; path = MemeTableViewController.swift; sourceTree = "<group>"; };
		C5A121931F0C6924006F15C3 /* MemeMe.app */ = {isa = PBXFileReference; explicitFileType = wrapper.application; includeInIndex = 0; path = MemeMe.app; sourceTree = BUILT_PRODUCTS_DIR; };
		C5A121961F0C6924006F15C3 /* AppDelegate.swift */ = {isa = PBXFileReference; lastKnownFileType = sourcecode.swift; path = AppDelegate.swift; sourceTree = "<group>"; };
		C5A121981F0C6924006F15C3 /* CreateMemeViewController.swift */ = {isa = PBXFileReference; lastKnownFileType = sourcecode.swift; path = CreateMemeViewController.swift; sourceTree = "<group>"; };
		C5A1219B1F0C6924006F15C3 /* Base */ = {isa = PBXFileReference; lastKnownFileType = file.storyboard; name = Base; path = Base.lproj/Main.storyboard; sourceTree = "<group>"; };
		C5A1219D1F0C6924006F15C3 /* Assets.xcassets */ = {isa = PBXFileReference; lastKnownFileType = folder.assetcatalog; path = Assets.xcassets; sourceTree = "<group>"; };
		C5A121A01F0C6924006F15C3 /* Base */ = {isa = PBXFileReference; lastKnownFileType = file.storyboard; name = Base; path = Base.lproj/LaunchScreen.storyboard; sourceTree = "<group>"; };
		C5A121A21F0C6924006F15C3 /* Info.plist */ = {isa = PBXFileReference; lastKnownFileType = text.plist.xml; path = Info.plist; sourceTree = "<group>"; };
		C5A121A71F0C6925006F15C3 /* MemeMeTests.xctest */ = {isa = PBXFileReference; explicitFileType = wrapper.cfbundle; includeInIndex = 0; path = MemeMeTests.xctest; sourceTree = BUILT_PRODUCTS_DIR; };
		C5A121AB1F0C6925006F15C3 /* MemeMeTests.swift */ = {isa = PBXFileReference; lastKnownFileType = sourcecode.swift; path = MemeMeTests.swift; sourceTree = "<group>"; };
		C5A121AD1F0C6925006F15C3 /* Info.plist */ = {isa = PBXFileReference; lastKnownFileType = text.plist.xml; path = Info.plist; sourceTree = "<group>"; };
		C5A121B21F0C6925006F15C3 /* MemeMeUITests.xctest */ = {isa = PBXFileReference; explicitFileType = wrapper.cfbundle; includeInIndex = 0; path = MemeMeUITests.xctest; sourceTree = BUILT_PRODUCTS_DIR; };
		C5A121B61F0C6925006F15C3 /* MemeMeUITests.swift */ = {isa = PBXFileReference; lastKnownFileType = sourcecode.swift; path = MemeMeUITests.swift; sourceTree = "<group>"; };
		C5A121B81F0C6925006F15C3 /* Info.plist */ = {isa = PBXFileReference; lastKnownFileType = text.plist.xml; path = Info.plist; sourceTree = "<group>"; };
		C5A121C41F0C8061006F15C3 /* MemeTextFieldDelegate.swift */ = {isa = PBXFileReference; fileEncoding = 4; lastKnownFileType = sourcecode.swift; path = MemeTextFieldDelegate.swift; sourceTree = "<group>"; };
		C5A121C61F0DC2DD006F15C3 /* Meme.swift */ = {isa = PBXFileReference; fileEncoding = 4; lastKnownFileType = sourcecode.swift; path = Meme.swift; sourceTree = "<group>"; };
		C5A7A1261F145E3300A78DFA /* MemeCollectionViewController.swift */ = {isa = PBXFileReference; fileEncoding = 4; lastKnownFileType = sourcecode.swift; path = MemeCollectionViewController.swift; sourceTree = "<group>"; };
		C5A7A1281F145FEB00A78DFA /* MemeCollectionViewCell.swift */ = {isa = PBXFileReference; fileEncoding = 4; lastKnownFileType = sourcecode.swift; name = MemeCollectionViewCell.swift; path = ../MemeCollectionViewCell.swift; sourceTree = "<group>"; };
/* End PBXFileReference section */

/* Begin PBXFrameworksBuildPhase section */
		C5A121901F0C6924006F15C3 /* Frameworks */ = {
			isa = PBXFrameworksBuildPhase;
			buildActionMask = 2147483647;
			files = (
			);
			runOnlyForDeploymentPostprocessing = 0;
		};
		C5A121A41F0C6925006F15C3 /* Frameworks */ = {
			isa = PBXFrameworksBuildPhase;
			buildActionMask = 2147483647;
			files = (
			);
			runOnlyForDeploymentPostprocessing = 0;
		};
		C5A121AF1F0C6925006F15C3 /* Frameworks */ = {
			isa = PBXFrameworksBuildPhase;
			buildActionMask = 2147483647;
			files = (
			);
			runOnlyForDeploymentPostprocessing = 0;
		};
/* End PBXFrameworksBuildPhase section */

/* Begin PBXGroup section */
		C5A1218A1F0C6924006F15C3 = {
			isa = PBXGroup;
			children = (
				C5A121951F0C6924006F15C3 /* MemeMe */,
				C5A121AA1F0C6925006F15C3 /* MemeMeTests */,
				C5A121B51F0C6925006F15C3 /* MemeMeUITests */,
				C5A121941F0C6924006F15C3 /* Products */,
			);
			sourceTree = "<group>";
		};
		C5A121941F0C6924006F15C3 /* Products */ = {
			isa = PBXGroup;
			children = (
				C5A121931F0C6924006F15C3 /* MemeMe.app */,
				C5A121A71F0C6925006F15C3 /* MemeMeTests.xctest */,
				C5A121B21F0C6925006F15C3 /* MemeMeUITests.xctest */,
			);
			name = Products;
			sourceTree = "<group>";
		};
		C5A121951F0C6924006F15C3 /* MemeMe */ = {
			isa = PBXGroup;
			children = (
				C5A121961F0C6924006F15C3 /* AppDelegate.swift */,
				C5A121981F0C6924006F15C3 /* CreateMemeViewController.swift */,
				C56C54921F132A8F0084E657 /* MemeTableViewController.swift */,
				C51F9E8D1F186CF1002A903B /* MemeTableViewCell.swift */,
				C5A7A1261F145E3300A78DFA /* MemeCollectionViewController.swift */,
				C5A7A1281F145FEB00A78DFA /* MemeCollectionViewCell.swift */,
				C5A121C61F0DC2DD006F15C3 /* Meme.swift */,
				C5A1219A1F0C6924006F15C3 /* Main.storyboard */,
				C5A121C41F0C8061006F15C3 /* MemeTextFieldDelegate.swift */,
				C5A1219D1F0C6924006F15C3 /* Assets.xcassets */,
				C5A1219F1F0C6924006F15C3 /* LaunchScreen.storyboard */,
				C5A121A21F0C6924006F15C3 /* Info.plist */,
			);
			path = MemeMe;
			sourceTree = "<group>";
		};
		C5A121AA1F0C6925006F15C3 /* MemeMeTests */ = {
			isa = PBXGroup;
			children = (
				C5A121AB1F0C6925006F15C3 /* MemeMeTests.swift */,
				C5A121AD1F0C6925006F15C3 /* Info.plist */,
			);
			path = MemeMeTests;
			sourceTree = "<group>";
		};
		C5A121B51F0C6925006F15C3 /* MemeMeUITests */ = {
			isa = PBXGroup;
			children = (
				C5A121B61F0C6925006F15C3 /* MemeMeUITests.swift */,
				C5A121B81F0C6925006F15C3 /* Info.plist */,
			);
			path = MemeMeUITests;
			sourceTree = "<group>";
		};
/* End PBXGroup section */

/* Begin PBXNativeTarget section */
		C5A121921F0C6924006F15C3 /* MemeMe */ = {
			isa = PBXNativeTarget;
			buildConfigurationList = C5A121BB1F0C6925006F15C3 /* Build configuration list for PBXNativeTarget "MemeMe" */;
			buildPhases = (
				C5A1218F1F0C6924006F15C3 /* Sources */,
				C5A121901F0C6924006F15C3 /* Frameworks */,
				C5A121911F0C6924006F15C3 /* Resources */,
			);
			buildRules = (
			);
			dependencies = (
			);
			name = MemeMe;
			productName = MemeMe;
			productReference = C5A121931F0C6924006F15C3 /* MemeMe.app */;
			productType = "com.apple.product-type.application";
		};
		C5A121A61F0C6925006F15C3 /* MemeMeTests */ = {
			isa = PBXNativeTarget;
			buildConfigurationList = C5A121BE1F0C6925006F15C3 /* Build configuration list for PBXNativeTarget "MemeMeTests" */;
			buildPhases = (
				C5A121A31F0C6925006F15C3 /* Sources */,
				C5A121A41F0C6925006F15C3 /* Frameworks */,
				C5A121A51F0C6925006F15C3 /* Resources */,
			);
			buildRules = (
			);
			dependencies = (
				C5A121A91F0C6925006F15C3 /* PBXTargetDependency */,
			);
			name = MemeMeTests;
			productName = MemeMeTests;
			productReference = C5A121A71F0C6925006F15C3 /* MemeMeTests.xctest */;
			productType = "com.apple.product-type.bundle.unit-test";
		};
		C5A121B11F0C6925006F15C3 /* MemeMeUITests */ = {
			isa = PBXNativeTarget;
			buildConfigurationList = C5A121C11F0C6925006F15C3 /* Build configuration list for PBXNativeTarget "MemeMeUITests" */;
			buildPhases = (
				C5A121AE1F0C6925006F15C3 /* Sources */,
				C5A121AF1F0C6925006F15C3 /* Frameworks */,
				C5A121B01F0C6925006F15C3 /* Resources */,
			);
			buildRules = (
			);
			dependencies = (
				C5A121B41F0C6925006F15C3 /* PBXTargetDependency */,
			);
			name = MemeMeUITests;
			productName = MemeMeUITests;
			productReference = C5A121B21F0C6925006F15C3 /* MemeMeUITests.xctest */;
			productType = "com.apple.product-type.bundle.ui-testing";
		};
/* End PBXNativeTarget section */

/* Begin PBXProject section */
		C5A1218B1F0C6924006F15C3 /* Project object */ = {
			isa = PBXProject;
			attributes = {
				LastSwiftUpdateCheck = 0810;
				LastUpgradeCheck = 0810;
				ORGANIZATIONNAME = "BRIAN DUVERNEAY";
				TargetAttributes = {
					C5A121921F0C6924006F15C3 = {
						CreatedOnToolsVersion = 8.1;
						DevelopmentTeam = 575MV4CDDE;
						ProvisioningStyle = Automatic;
					};
					C5A121A61F0C6925006F15C3 = {
						CreatedOnToolsVersion = 8.1;
						ProvisioningStyle = Automatic;
						TestTargetID = C5A121921F0C6924006F15C3;
					};
					C5A121B11F0C6925006F15C3 = {
						CreatedOnToolsVersion = 8.1;
						ProvisioningStyle = Automatic;
						TestTargetID = C5A121921F0C6924006F15C3;
					};
				};
			};
			buildConfigurationList = C5A1218E1F0C6924006F15C3 /* Build configuration list for PBXProject "MemeMe" */;
			compatibilityVersion = "Xcode 3.2";
			developmentRegion = English;
			hasScannedForEncodings = 0;
			knownRegions = (
				en,
				Base,
			);
			mainGroup = C5A1218A1F0C6924006F15C3;
			productRefGroup = C5A121941F0C6924006F15C3 /* Products */;
			projectDirPath = "";
			projectRoot = "";
			targets = (
				C5A121921F0C6924006F15C3 /* MemeMe */,
				C5A121A61F0C6925006F15C3 /* MemeMeTests */,
				C5A121B11F0C6925006F15C3 /* MemeMeUITests */,
			);
		};
/* End PBXProject section */

/* Begin PBXResourcesBuildPhase section */
		C5A121911F0C6924006F15C3 /* Resources */ = {
			isa = PBXResourcesBuildPhase;
			buildActionMask = 2147483647;
			files = (
				C5A121A11F0C6924006F15C3 /* LaunchScreen.storyboard in Resources */,
				C5A1219E1F0C6924006F15C3 /* Assets.xcassets in Resources */,
				C5A1219C1F0C6924006F15C3 /* Main.storyboard in Resources */,
			);
			runOnlyForDeploymentPostprocessing = 0;
		};
		C5A121A51F0C6925006F15C3 /* Resources */ = {
			isa = PBXResourcesBuildPhase;
			buildActionMask = 2147483647;
			files = (
			);
			runOnlyForDeploymentPostprocessing = 0;
		};
		C5A121B01F0C6925006F15C3 /* Resources */ = {
			isa = PBXResourcesBuildPhase;
			buildActionMask = 2147483647;
			files = (
			);
			runOnlyForDeploymentPostprocessing = 0;
		};
/* End PBXResourcesBuildPhase section */

/* Begin PBXSourcesBuildPhase section */
		C5A1218F1F0C6924006F15C3 /* Sources */ = {
			isa = PBXSourcesBuildPhase;
			buildActionMask = 2147483647;
			files = (
				C5A121991F0C6924006F15C3 /* CreateMemeViewController.swift in Sources */,
				C51F9E8E1F186CF1002A903B /* MemeTableViewCell.swift in Sources */,
				C5A121C71F0DC2DD006F15C3 /* Meme.swift in Sources */,
				C5A121C51F0C8061006F15C3 /* MemeTextFieldDelegate.swift in Sources */,
				C56C54931F132A8F0084E657 /* MemeTableViewController.swift in Sources */,
				C5A7A1291F145FEB00A78DFA /* MemeCollectionViewCell.swift in Sources */,
				C5A7A1271F145E3300A78DFA /* MemeCollectionViewController.swift in Sources */,
				C5A121971F0C6924006F15C3 /* AppDelegate.swift in Sources */,
			);
			runOnlyForDeploymentPostprocessing = 0;
		};
		C5A121A31F0C6925006F15C3 /* Sources */ = {
			isa = PBXSourcesBuildPhase;
			buildActionMask = 2147483647;
			files = (
				C5A121AC1F0C6925006F15C3 /* MemeMeTests.swift in Sources */,
			);
			runOnlyForDeploymentPostprocessing = 0;
		};
		C5A121AE1F0C6925006F15C3 /* Sources */ = {
			isa = PBXSourcesBuildPhase;
			buildActionMask = 2147483647;
			files = (
				C5A121B71F0C6925006F15C3 /* MemeMeUITests.swift in Sources */,
			);
			runOnlyForDeploymentPostprocessing = 0;
		};
/* End PBXSourcesBuildPhase section */

/* Begin PBXTargetDependency section */
		C5A121A91F0C6925006F15C3 /* PBXTargetDependency */ = {
			isa = PBXTargetDependency;
			target = C5A121921F0C6924006F15C3 /* MemeMe */;
			targetProxy = C5A121A81F0C6925006F15C3 /* PBXContainerItemProxy */;
		};
		C5A121B41F0C6925006F15C3 /* PBXTargetDependency */ = {
			isa = PBXTargetDependency;
			target = C5A121921F0C6924006F15C3 /* MemeMe */;
			targetProxy = C5A121B31F0C6925006F15C3 /* PBXContainerItemProxy */;
		};
/* End PBXTargetDependency section */

/* Begin PBXVariantGroup section */
		C5A1219A1F0C6924006F15C3 /* Main.storyboard */ = {
			isa = PBXVariantGroup;
			children = (
				C5A1219B1F0C6924006F15C3 /* Base */,
			);
			name = Main.storyboard;
			sourceTree = "<group>";
		};
		C5A1219F1F0C6924006F15C3 /* LaunchScreen.storyboard */ = {
			isa = PBXVariantGroup;
			children = (
				C5A121A01F0C6924006F15C3 /* Base */,
			);
			name = LaunchScreen.storyboard;
			sourceTree = "<group>";
		};
/* End PBXVariantGroup section */

/* Begin XCBuildConfiguration section */
		C5A121B91F0C6925006F15C3 /* Debug */ = {
			isa = XCBuildConfiguration;
			buildSettings = {
				ALWAYS_SEARCH_USER_PATHS = NO;
				CLANG_ANALYZER_NONNULL = YES;
				CLANG_CXX_LANGUAGE_STANDARD = "gnu++0x";
				CLANG_CXX_LIBRARY = "libc++";
				CLANG_ENABLE_MODULES = YES;
				CLANG_ENABLE_OBJC_ARC = YES;
				CLANG_WARN_BOOL_CONVERSION = YES;
				CLANG_WARN_CONSTANT_CONVERSION = YES;
				CLANG_WARN_DIRECT_OBJC_ISA_USAGE = YES_ERROR;
				CLANG_WARN_DOCUMENTATION_COMMENTS = YES;
				CLANG_WARN_EMPTY_BODY = YES;
				CLANG_WARN_ENUM_CONVERSION = YES;
				CLANG_WARN_INFINITE_RECURSION = YES;
				CLANG_WARN_INT_CONVERSION = YES;
				CLANG_WARN_OBJC_ROOT_CLASS = YES_ERROR;
				CLANG_WARN_SUSPICIOUS_MOVES = YES;
				CLANG_WARN_UNREACHABLE_CODE = YES;
				CLANG_WARN__DUPLICATE_METHOD_MATCH = YES;
				"CODE_SIGN_IDENTITY[sdk=iphoneos*]" = "iPhone Developer";
				COPY_PHASE_STRIP = NO;
				DEBUG_INFORMATION_FORMAT = dwarf;
				ENABLE_STRICT_OBJC_MSGSEND = YES;
				ENABLE_TESTABILITY = YES;
				GCC_C_LANGUAGE_STANDARD = gnu99;
				GCC_DYNAMIC_NO_PIC = NO;
				GCC_NO_COMMON_BLOCKS = YES;
				GCC_OPTIMIZATION_LEVEL = 0;
				GCC_PREPROCESSOR_DEFINITIONS = (
					"DEBUG=1",
					"$(inherited)",
				);
				GCC_WARN_64_TO_32_BIT_CONVERSION = YES;
				GCC_WARN_ABOUT_RETURN_TYPE = YES_ERROR;
				GCC_WARN_UNDECLARED_SELECTOR = YES;
				GCC_WARN_UNINITIALIZED_AUTOS = YES_AGGRESSIVE;
				GCC_WARN_UNUSED_FUNCTION = YES;
				GCC_WARN_UNUSED_VARIABLE = YES;
				IPHONEOS_DEPLOYMENT_TARGET = 10.1;
				MTL_ENABLE_DEBUG_INFO = YES;
				ONLY_ACTIVE_ARCH = YES;
				SDKROOT = iphoneos;
				SWIFT_ACTIVE_COMPILATION_CONDITIONS = DEBUG;
				SWIFT_OPTIMIZATION_LEVEL = "-Onone";
				TARGETED_DEVICE_FAMILY = "1,2";
			};
			name = Debug;
		};
		C5A121BA1F0C6925006F15C3 /* Release */ = {
			isa = XCBuildConfiguration;
			buildSettings = {
				ALWAYS_SEARCH_USER_PATHS = NO;
				CLANG_ANALYZER_NONNULL = YES;
				CLANG_CXX_LANGUAGE_STANDARD = "gnu++0x";
				CLANG_CXX_LIBRARY = "libc++";
				CLANG_ENABLE_MODULES = YES;
				CLANG_ENABLE_OBJC_ARC = YES;
				CLANG_WARN_BOOL_CONVERSION = YES;
				CLANG_WARN_CONSTANT_CONVERSION = YES;
				CLANG_WARN_DIRECT_OBJC_ISA_USAGE = YES_ERROR;
				CLANG_WARN_DOCUMENTATION_COMMENTS = YES;
				CLANG_WARN_EMPTY_BODY = YES;
				CLANG_WARN_ENUM_CONVERSION = YES;
				CLANG_WARN_INFINITE_RECURSION = YES;
				CLANG_WARN_INT_CONVERSION = YES;
				CLANG_WARN_OBJC_ROOT_CLASS = YES_ERROR;
				CLANG_WARN_SUSPICIOUS_MOVES = YES;
				CLANG_WARN_UNREACHABLE_CODE = YES;
				CLANG_WARN__DUPLICATE_METHOD_MATCH = YES;
				"CODE_SIGN_IDENTITY[sdk=iphoneos*]" = "iPhone Developer";
				COPY_PHASE_STRIP = NO;
				DEBUG_INFORMATION_FORMAT = "dwarf-with-dsym";
				ENABLE_NS_ASSERTIONS = NO;
				ENABLE_STRICT_OBJC_MSGSEND = YES;
				GCC_C_LANGUAGE_STANDARD = gnu99;
				GCC_NO_COMMON_BLOCKS = YES;
				GCC_WARN_64_TO_32_BIT_CONVERSION = YES;
				GCC_WARN_ABOUT_RETURN_TYPE = YES_ERROR;
				GCC_WARN_UNDECLARED_SELECTOR = YES;
				GCC_WARN_UNINITIALIZED_AUTOS = YES_AGGRESSIVE;
				GCC_WARN_UNUSED_FUNCTION = YES;
				GCC_WARN_UNUSED_VARIABLE = YES;
				IPHONEOS_DEPLOYMENT_TARGET = 10.1;
				MTL_ENABLE_DEBUG_INFO = NO;
				SDKROOT = iphoneos;
				SWIFT_OPTIMIZATION_LEVEL = "-Owholemodule";
				TARGETED_DEVICE_FAMILY = "1,2";
				VALIDATE_PRODUCT = YES;
			};
			name = Release;
		};
		C5A121BC1F0C6925006F15C3 /* Debug */ = {
			isa = XCBuildConfiguration;
			buildSettings = {
				ASSETCATALOG_COMPILER_APPICON_NAME = AppIcon;
				DEVELOPMENT_TEAM = 575MV4CDDE;
				INFOPLIST_FILE = MemeMe/Info.plist;
				IPHONEOS_DEPLOYMENT_TARGET = 10.0;
				LD_RUNPATH_SEARCH_PATHS = "$(inherited) @executable_path/Frameworks";
				PRODUCT_BUNDLE_IDENTIFIER = com.duverneay.MemeMe;
				PRODUCT_NAME = "$(TARGET_NAME)";
				SWIFT_VERSION = 3.0;
			};
			name = Debug;
		};
		C5A121BD1F0C6925006F15C3 /* Release */ = {
			isa = XCBuildConfiguration;
			buildSettings = {
				ASSETCATALOG_COMPILER_APPICON_NAME = AppIcon;
				DEVELOPMENT_TEAM = 575MV4CDDE;
				INFOPLIST_FILE = MemeMe/Info.plist;
				IPHONEOS_DEPLOYMENT_TARGET = 10.0;
				LD_RUNPATH_SEARCH_PATHS = "$(inherited) @executable_path/Frameworks";
				PRODUCT_BUNDLE_IDENTIFIER = com.duverneay.MemeMe;
				PRODUCT_NAME = "$(TARGET_NAME)";
				SWIFT_VERSION = 3.0;
			};
			name = Release;
		};
		C5A121BF1F0C6925006F15C3 /* Debug */ = {
			isa = XCBuildConfiguration;
			buildSettings = {
				ALWAYS_EMBED_SWIFT_STANDARD_LIBRARIES = YES;
				BUNDLE_LOADER = "$(TEST_HOST)";
				INFOPLIST_FILE = MemeMeTests/Info.plist;
				LD_RUNPATH_SEARCH_PATHS = "$(inherited) @executable_path/Frameworks @loader_path/Frameworks";
				PRODUCT_BUNDLE_IDENTIFIER = com.duverneay.MemeMeTests;
				PRODUCT_NAME = "$(TARGET_NAME)";
				SWIFT_VERSION = 3.0;
				TEST_HOST = "$(BUILT_PRODUCTS_DIR)/MemeMe.app/MemeMe";
			};
			name = Debug;
		};
		C5A121C01F0C6925006F15C3 /* Release */ = {
			isa = XCBuildConfiguration;
			buildSettings = {
				ALWAYS_EMBED_SWIFT_STANDARD_LIBRARIES = YES;
				BUNDLE_LOADER = "$(TEST_HOST)";
				INFOPLIST_FILE = MemeMeTests/Info.plist;
				LD_RUNPATH_SEARCH_PATHS = "$(inherited) @executable_path/Frameworks @loader_path/Frameworks";
				PRODUCT_BUNDLE_IDENTIFIER = com.duverneay.MemeMeTests;
				PRODUCT_NAME = "$(TARGET_NAME)";
				SWIFT_VERSION = 3.0;
				TEST_HOST = "$(BUILT_PRODUCTS_DIR)/MemeMe.app/MemeMe";
			};
			name = Release;
		};
		C5A121C21F0C6925006F15C3 /* Debug */ = {
			isa = XCBuildConfiguration;
			buildSettings = {
				ALWAYS_EMBED_SWIFT_STANDARD_LIBRARIES = YES;
				INFOPLIST_FILE = MemeMeUITests/Info.plist;
				LD_RUNPATH_SEARCH_PATHS = "$(inherited) @executable_path/Frameworks @loader_path/Frameworks";
				PRODUCT_BUNDLE_IDENTIFIER = com.duverneay.MemeMeUITests;
				PRODUCT_NAME = "$(TARGET_NAME)";
				SWIFT_VERSION = 3.0;
				TEST_TARGET_NAME = MemeMe;
			};
			name = Debug;
		};
		C5A121C31F0C6925006F15C3 /* Release */ = {
			isa = XCBuildConfiguration;
			buildSettings = {
				ALWAYS_EMBED_SWIFT_STANDARD_LIBRARIES = YES;
				INFOPLIST_FILE = MemeMeUITests/Info.plist;
				LD_RUNPATH_SEARCH_PATHS = "$(inherited) @executable_path/Frameworks @loader_path/Frameworks";
				PRODUCT_BUNDLE_IDENTIFIER = com.duverneay.MemeMeUITests;
				PRODUCT_NAME = "$(TARGET_NAME)";
				SWIFT_VERSION = 3.0;
				TEST_TARGET_NAME = MemeMe;
			};
			name = Release;
		};
/* End XCBuildConfiguration section */

/* Begin XCConfigurationList section */
		C5A1218E1F0C6924006F15C3 /* Build configuration list for PBXProject "MemeMe" */ = {
			isa = XCConfigurationList;
			buildConfigurations = (
				C5A121B91F0C6925006F15C3 /* Debug */,
				C5A121BA1F0C6925006F15C3 /* Release */,
			);
			defaultConfigurationIsVisible = 0;
			defaultConfigurationName = Release;
		};
		C5A121BB1F0C6925006F15C3 /* Build configuration list for PBXNativeTarget "MemeMe" */ = {
			isa = XCConfigurationList;
			buildConfigurations = (
				C5A121BC1F0C6925006F15C3 /* Debug */,
				C5A121BD1F0C6925006F15C3 /* Release */,
			);
			defaultConfigurationIsVisible = 0;
			defaultConfigurationName = Release;
		};
		C5A121BE1F0C6925006F15C3 /* Build configuration list for PBXNativeTarget "MemeMeTests" */ = {
			isa = XCConfigurationList;
			buildConfigurations = (
				C5A121BF1F0C6925006F15C3 /* Debug */,
				C5A121C01F0C6925006F15C3 /* Release */,
			);
			defaultConfigurationIsVisible = 0;
			defaultConfigurationName = Release;
		};
		C5A121C11F0C6925006F15C3 /* Build configuration list for PBXNativeTarget "MemeMeUITests" */ = {
			isa = XCConfigurationList;
			buildConfigurations = (
				C5A121C21F0C6925006F15C3 /* Debug */,
				C5A121C31F0C6925006F15C3 /* Release */,
			);
			defaultConfigurationIsVisible = 0;
			defaultConfigurationName = Release;
		};
/* End XCConfigurationList section */
	};
	rootObject = C5A1218B1F0C6924006F15C3 /* Project object */;
}
